
Microsoft Visual Studio Solution File, Format Version 12.00
# Visual Studio Version 16
VisualStudioVersion = 16.0.30114.105
MinimumVisualStudioVersion = 10.0.40219.1
Project("{FAE04EC0-301F-11D3-BF4B-00C04F79EFBC}") = "Code", "Code\Code.csproj", "{D8302D7A-4714-4C6B-85C3-0C4C49BEFDD2}"
EndProject
Project("{FAE04EC0-301F-11D3-BF4B-00C04F79EFBC}") = "Tests", "Tests\Tests.csproj", "{F3356C84-9A0A-4DBC-B172-0531B1AE12EA}"
EndProject
Global
	GlobalSection(SolutionConfigurationPlatforms) = preSolution
		Debug|Any CPU = Debug|Any CPU
		Release|Any CPU = Release|Any CPU
	EndGlobalSection
	GlobalSection(SolutionProperties) = preSolution
		HideSolutionNode = FALSE
	EndGlobalSection
	GlobalSection(ProjectConfigurationPlatforms) = postSolution
		{D8302D7A-4714-4C6B-85C3-0C4C49BEFDD2}.Debug|Any CPU.ActiveCfg = Debug|Any CPU
		{D8302D7A-4714-4C6B-85C3-0C4C49BEFDD2}.Debug|Any CPU.Build.0 = Debug|Any CPU
		{D8302D7A-4714-4C6B-85C3-0C4C49BEFDD2}.Release|Any CPU.ActiveCfg = Release|Any CPU
		{D8302D7A-4714-4C6B-85C3-0C4C49BEFDD2}.Release|Any CPU.Build.0 = Release|Any CPU
		{F3356C84-9A0A-4DBC-B172-0531B1AE12EA}.Debug|Any CPU.ActiveCfg = Debug|Any CPU
		{F3356C84-9A0A-4DBC-B172-0531B1AE12EA}.Debug|Any CPU.Build.0 = Debug|Any CPU
		{F3356C84-9A0A-4DBC-B172-0531B1AE12EA}.Release|Any CPU.ActiveCfg = Release|Any CPU
		{F3356C84-9A0A-4DBC-B172-0531B1AE12EA}.Release|Any CPU.Build.0 = Release|Any CPU
	EndGlobalSection
EndGlobal
